
Microsoft Visual Studio Solution File, Format Version 12.00
# Visual Studio 2013
VisualStudioVersion = 12.0.30501.0
MinimumVisualStudioVersion = 10.0.40219.1
Project("{FAE04EC0-301F-11D3-BF4B-00C04F79EFBC}") = "MVC4AndEF6WithAngular", "MVC4AndEF6WithAngular\MVC4AndEF6WithAngular.csproj", "{E9561B69-7C81-427D-8075-88849A0535DC}"
EndProject
Project("{FAE04EC0-301F-11D3-BF4B-00C04F79EFBC}") = "MVC4AndEF6WithAngular.Data", "MVC4AndEF6WithAngular.Data\MVC4AndEF6WithAngular.Data.csproj", "{EB2E6B03-E939-4DAA-88FB-6F3604B4CDFA}"
EndProject
Global
	GlobalSection(SolutionConfigurationPlatforms) = preSolution
		Debug|Any CPU = Debug|Any CPU
		Release|Any CPU = Release|Any CPU
	EndGlobalSection
	GlobalSection(ProjectConfigurationPlatforms) = postSolution
		{E9561B69-7C81-427D-8075-88849A0535DC}.Debug|Any CPU.ActiveCfg = Debug|Any CPU
		{E9561B69-7C81-427D-8075-88849A0535DC}.Debug|Any CPU.Build.0 = Debug|Any CPU
		{E9561B69-7C81-427D-8075-88849A0535DC}.Release|Any CPU.ActiveCfg = Release|Any CPU
		{E9561B69-7C81-427D-8075-88849A0535DC}.Release|Any CPU.Build.0 = Release|Any CPU
		{EB2E6B03-E939-4DAA-88FB-6F3604B4CDFA}.Debug|Any CPU.ActiveCfg = Debug|Any CPU
		{EB2E6B03-E939-4DAA-88FB-6F3604B4CDFA}.Debug|Any CPU.Build.0 = Debug|Any CPU
		{EB2E6B03-E939-4DAA-88FB-6F3604B4CDFA}.Release|Any CPU.ActiveCfg = Release|Any CPU
		{EB2E6B03-E939-4DAA-88FB-6F3604B4CDFA}.Release|Any CPU.Build.0 = Release|Any CPU
	EndGlobalSection
	GlobalSection(SolutionProperties) = preSolution
		HideSolutionNode = FALSE
	EndGlobalSection
EndGlobal
